
Microsoft Visual Studio Solution File, Format Version 12.00
# Visual Studio 14

Project("{E24C65DC-7377-472B-9ABA-BC803B73C61A}") = "BN-Current", "WebSite\", "B163DCD5-DD6C-46E8-9FD3-51900994AC84"
EndProject
Project("{2150E333-8FDC-42A3-9474-1A3956D46DE8}") = "Code On Time Items", "Code On Time Items", "{1F713024-EBE7-4FAC-B770-1AC389DBA1BE}"
	ProjectSection(SolutionItems) = preProject
		ClientLibrary.ar-SA.txt = ClientLibrary.ar-SA.txt
		ClientLibrary.en-US.txt = ClientLibrary.en-US.txt
		DataAquarium.Project.xml = DataAquarium.Project.xml
		DataAquarium.Version.xml = DataAquarium.Version.xml
	EndProjectSection
EndProject
